// !$*UTF8*$!
{
	archiveVersion = 1;
	classes = {
	};
	objectVersion = 46;
	objects = {

/* Begin PBXBuildFile section */
		CD4F99EE2413027F005F6A76 /* main.m in Sources */ = {isa = PBXBuildFile; fileRef = CD4F99ED2413027F005F6A76 /* main.m */; };
		CD4F99F12413027F005F6A76 /* AppDelegate.m in Sources */ = {isa = PBXBuildFile; fileRef = CD4F99F02413027F005F6A76 /* AppDelegate.m */; };
		CD4F99F42413027F005F6A76 /* ViewController.m in Sources */ = {isa = PBXBuildFile; fileRef = CD4F99F32413027F005F6A76 /* ViewController.m */; };
		CD4F99F72413027F005F6A76 /* Main.storyboard in Resources */ = {isa = PBXBuildFile; fileRef = CD4F99F52413027F005F6A76 /* Main.storyboard */; };
		CD4F99F92413027F005F6A76 /* Assets.xcassets in Resources */ = {isa = PBXBuildFile; fileRef = CD4F99F82413027F005F6A76 /* Assets.xcassets */; };
		CD4F99FC2413027F005F6A76 /* LaunchScreen.storyboard in Resources */ = {isa = PBXBuildFile; fileRef = CD4F99FA2413027F005F6A76 /* LaunchScreen.storyboard */; };
		CD4F9A072413027F005F6A76 /* LearnIOSUITests.m in Sources */ = {isa = PBXBuildFile; fileRef = CD4F9A062413027F005F6A76 /* LearnIOSUITests.m */; };
/* End PBXBuildFile section */

/* Begin PBXContainerItemProxy section */
		CD4F9A032413027F005F6A76 /* PBXContainerItemProxy */ = {
			isa = PBXContainerItemProxy;
			containerPortal = CD4F99E12413027F005F6A76 /* Project object */;
			proxyType = 1;
			remoteGlobalIDString = CD4F99E82413027F005F6A76;
			remoteInfo = LearnIOS;
		};
/* End PBXContainerItemProxy section */

/* Begin PBXFileReference section */
		CD4F99E92413027F005F6A76 /* LearnIOS.app */ = {isa = PBXFileReference; explicitFileType = wrapper.application; includeInIndex = 0; path = LearnIOS.app; sourceTree = BUILT_PRODUCTS_DIR; };
		CD4F99ED2413027F005F6A76 /* main.m */ = {isa = PBXFileReference; lastKnownFileType = sourcecode.c.objc; path = main.m; sourceTree = "<group>"; };
		CD4F99EF2413027F005F6A76 /* AppDelegate.h */ = {isa = PBXFileReference; lastKnownFileType = sourcecode.c.h; path = AppDelegate.h; sourceTree = "<group>"; };
		CD4F99F02413027F005F6A76 /* AppDelegate.m */ = {isa = PBXFileReference; lastKnownFileType = sourcecode.c.objc; path = AppDelegate.m; sourceTree = "<group>"; };
		CD4F99F22413027F005F6A76 /* ViewController.h */ = {isa = PBXFileReference; lastKnownFileType = sourcecode.c.h; path = ViewController.h; sourceTree = "<group>"; };
		CD4F99F32413027F005F6A76 /* ViewController.m */ = {isa = PBXFileReference; lastKnownFileType = sourcecode.c.objc; path = ViewController.m; sourceTree = "<group>"; };
		CD4F99F62413027F005F6A76 /* Base */ = {isa = PBXFileReference; lastKnownFileType = file.storyboard; name = Base; path = Base.lproj/Main.storyboard; sourceTree = "<group>"; };
		CD4F99F82413027F005F6A76 /* Assets.xcassets */ = {isa = PBXFileReference; lastKnownFileType = folder.assetcatalog; path = Assets.xcassets; sourceTree = "<group>"; };
		CD4F99FB2413027F005F6A76 /* Base */ = {isa = PBXFileReference; lastKnownFileType = file.storyboard; name = Base; path = Base.lproj/LaunchScreen.storyboard; sourceTree = "<group>"; };
		CD4F99FD2413027F005F6A76 /* Info.plist */ = {isa = PBXFileReference; lastKnownFileType = text.plist.xml; path = Info.plist; sourceTree = "<group>"; };
		CD4F9A022413027F005F6A76 /* LearnIOSUITests.xctest */ = {isa = PBXFileReference; explicitFileType = wrapper.cfbundle; includeInIndex = 0; path = LearnIOSUITests.xctest; sourceTree = BUILT_PRODUCTS_DIR; };
		CD4F9A062413027F005F6A76 /* LearnIOSUITests.m */ = {isa = PBXFileReference; lastKnownFileType = sourcecode.c.objc; path = LearnIOSUITests.m; sourceTree = "<group>"; };
		CD4F9A082413027F005F6A76 /* Info.plist */ = {isa = PBXFileReference; lastKnownFileType = text.plist.xml; path = Info.plist; sourceTree = "<group>"; };
/* End PBXFileReference section */

/* Begin PBXFrameworksBuildPhase section */
		CD4F99E62413027F005F6A76 /* Frameworks */ = {
			isa = PBXFrameworksBuildPhase;
			buildActionMask = 2147483647;
			files = (
			);
			runOnlyForDeploymentPostprocessing = 0;
		};
		CD4F99FF2413027F005F6A76 /* Frameworks */ = {
			isa = PBXFrameworksBuildPhase;
			buildActionMask = 2147483647;
			files = (
			);
			runOnlyForDeploymentPostprocessing = 0;
		};
/* End PBXFrameworksBuildPhase section */

/* Begin PBXGroup section */
		CD4F99E02413027F005F6A76 = {
			isa = PBXGroup;
			children = (
				CD4F99EB2413027F005F6A76 /* LearnIOS */,
				CD4F9A052413027F005F6A76 /* LearnIOSUITests */,
				CD4F99EA2413027F005F6A76 /* Products */,
			);
			sourceTree = "<group>";
		};
		CD4F99EA2413027F005F6A76 /* Products */ = {
			isa = PBXGroup;
			children = (
				CD4F99E92413027F005F6A76 /* LearnIOS.app */,
				CD4F9A022413027F005F6A76 /* LearnIOSUITests.xctest */,
			);
			name = Products;
			sourceTree = "<group>";
		};
		CD4F99EB2413027F005F6A76 /* LearnIOS */ = {
			isa = PBXGroup;
			children = (
				CD4F99EF2413027F005F6A76 /* AppDelegate.h */,
				CD4F99F02413027F005F6A76 /* AppDelegate.m */,
				CD4F99F22413027F005F6A76 /* ViewController.h */,
				CD4F99F32413027F005F6A76 /* ViewController.m */,
				CD4F99F52413027F005F6A76 /* Main.storyboard */,
				CD4F99F82413027F005F6A76 /* Assets.xcassets */,
				CD4F99FA2413027F005F6A76 /* LaunchScreen.storyboard */,
				CD4F99FD2413027F005F6A76 /* Info.plist */,
				CD4F99EC2413027F005F6A76 /* Supporting Files */,
			);
			path = LearnIOS;
			sourceTree = "<group>";
		};
		CD4F99EC2413027F005F6A76 /* Supporting Files */ = {
			isa = PBXGroup;
			children = (
				CD4F99ED2413027F005F6A76 /* main.m */,
			);
			name = "Supporting Files";
			sourceTree = "<group>";
		};
		CD4F9A052413027F005F6A76 /* LearnIOSUITests */ = {
			isa = PBXGroup;
			children = (
				CD4F9A062413027F005F6A76 /* LearnIOSUITests.m */,
				CD4F9A082413027F005F6A76 /* Info.plist */,
			);
			path = LearnIOSUITests;
			sourceTree = "<group>";
		};
/* End PBXGroup section */

/* Begin PBXNativeTarget section */
		CD4F99E82413027F005F6A76 /* LearnIOS */ = {
			isa = PBXNativeTarget;
			buildConfigurationList = CD4F9A0B2413027F005F6A76 /* Build configuration list for PBXNativeTarget "LearnIOS" */;
			buildPhases = (
				CD4F99E52413027F005F6A76 /* Sources */,
				CD4F99E62413027F005F6A76 /* Frameworks */,
				CD4F99E72413027F005F6A76 /* Resources */,
			);
			buildRules = (
			);
			dependencies = (
			);
			name = LearnIOS;
			productName = LearnIOS;
			productReference = CD4F99E92413027F005F6A76 /* LearnIOS.app */;
			productType = "com.apple.product-type.application";
		};
		CD4F9A012413027F005F6A76 /* LearnIOSUITests */ = {
			isa = PBXNativeTarget;
			buildConfigurationList = CD4F9A0E2413027F005F6A76 /* Build configuration list for PBXNativeTarget "LearnIOSUITests" */;
			buildPhases = (
				CD4F99FE2413027F005F6A76 /* Sources */,
				CD4F99FF2413027F005F6A76 /* Frameworks */,
				CD4F9A002413027F005F6A76 /* Resources */,
			);
			buildRules = (
			);
			dependencies = (
				CD4F9A042413027F005F6A76 /* PBXTargetDependency */,
			);
			name = LearnIOSUITests;
			productName = LearnIOSUITests;
			productReference = CD4F9A022413027F005F6A76 /* LearnIOSUITests.xctest */;
			productType = "com.apple.product-type.bundle.ui-testing";
		};
/* End PBXNativeTarget section */

/* Begin PBXProject section */
		CD4F99E12413027F005F6A76 /* Project object */ = {
			isa = PBXProject;
			attributes = {
				LastUpgradeCheck = 0830;
				ORGANIZATIONNAME = linson;
				TargetAttributes = {
					CD4F99E82413027F005F6A76 = {
						CreatedOnToolsVersion = 8.3.3;
						DevelopmentTeam = FGXF84AKTW;
						ProvisioningStyle = Automatic;
					};
					CD4F9A012413027F005F6A76 = {
						CreatedOnToolsVersion = 8.3.3;
						DevelopmentTeam = FGXF84AKTW;
						ProvisioningStyle = Automatic;
						TestTargetID = CD4F99E82413027F005F6A76;
					};
				};
			};
			buildConfigurationList = CD4F99E42413027F005F6A76 /* Build configuration list for PBXProject "LearnIOS" */;
			compatibilityVersion = "Xcode 3.2";
			developmentRegion = English;
			hasScannedForEncodings = 0;
			knownRegions = (
				en,
				Base,
			);
			mainGroup = CD4F99E02413027F005F6A76;
			productRefGroup = CD4F99EA2413027F005F6A76 /* Products */;
			projectDirPath = "";
			projectRoot = "";
			targets = (
				CD4F99E82413027F005F6A76 /* LearnIOS */,
				CD4F9A012413027F005F6A76 /* LearnIOSUITests */,
			);
		};
/* End PBXProject section */

/* Begin PBXResourcesBuildPhase section */
		CD4F99E72413027F005F6A76 /* Resources */ = {
			isa = PBXResourcesBuildPhase;
			buildActionMask = 2147483647;
			files = (
				CD4F99FC2413027F005F6A76 /* LaunchScreen.storyboard in Resources */,
				CD4F99F92413027F005F6A76 /* Assets.xcassets in Resources */,
				CD4F99F72413027F005F6A76 /* Main.storyboard in Resources */,
			);
			runOnlyForDeploymentPostprocessing = 0;
		};
		CD4F9A002413027F005F6A76 /* Resources */ = {
			isa = PBXResourcesBuildPhase;
			buildActionMask = 2147483647;
			files = (
			);
			runOnlyForDeploymentPostprocessing = 0;
		};
/* End PBXResourcesBuildPhase section */

/* Begin PBXSourcesBuildPhase section */
		CD4F99E52413027F005F6A76 /* Sources */ = {
			isa = PBXSourcesBuildPhase;
			buildActionMask = 2147483647;
			files = (
				CD4F99F42413027F005F6A76 /* ViewController.m in Sources */,
				CD4F99F12413027F005F6A76 /* AppDelegate.m in Sources */,
				CD4F99EE2413027F005F6A76 /* main.m in Sources */,
			);
			runOnlyForDeploymentPostprocessing = 0;
		};
		CD4F99FE2413027F005F6A76 /* Sources */ = {
			isa = PBXSourcesBuildPhase;
			buildActionMask = 2147483647;
			files = (
				CD4F9A072413027F005F6A76 /* LearnIOSUITests.m in Sources */,
			);
			runOnlyForDeploymentPostprocessing = 0;
		};
/* End PBXSourcesBuildPhase section */

/* Begin PBXTargetDependency section */
		CD4F9A042413027F005F6A76 /* PBXTargetDependency */ = {
			isa = PBXTargetDependency;
			target = CD4F99E82413027F005F6A76 /* LearnIOS */;
			targetProxy = CD4F9A032413027F005F6A76 /* PBXContainerItemProxy */;
		};
/* End PBXTargetDependency section */

/* Begin PBXVariantGroup section */
		CD4F99F52413027F005F6A76 /* Main.storyboard */ = {
			isa = PBXVariantGroup;
			children = (
				CD4F99F62413027F005F6A76 /* Base */,
			);
			name = Main.storyboard;
			sourceTree = "<group>";
		};
		CD4F99FA2413027F005F6A76 /* LaunchScreen.storyboard */ = {
			isa = PBXVariantGroup;
			children = (
				CD4F99FB2413027F005F6A76 /* Base */,
			);
			name = LaunchScreen.storyboard;
			sourceTree = "<group>";
		};
/* End PBXVariantGroup section */

/* Begin XCBuildConfiguration section */
		CD4F9A092413027F005F6A76 /* Debug */ = {
			isa = XCBuildConfiguration;
			buildSettings = {
				ALWAYS_SEARCH_USER_PATHS = NO;
				CLANG_ANALYZER_NONNULL = YES;
				CLANG_ANALYZER_NUMBER_OBJECT_CONVERSION = YES_AGGRESSIVE;
				CLANG_CXX_LANGUAGE_STANDARD = "gnu++0x";
				CLANG_CXX_LIBRARY = "libc++";
				CLANG_ENABLE_MODULES = YES;
				CLANG_ENABLE_OBJC_ARC = YES;
				CLANG_WARN_BOOL_CONVERSION = YES;
				CLANG_WARN_CONSTANT_CONVERSION = YES;
				CLANG_WARN_DIRECT_OBJC_ISA_USAGE = YES_ERROR;
				CLANG_WARN_DOCUMENTATION_COMMENTS = YES;
				CLANG_WARN_EMPTY_BODY = YES;
				CLANG_WARN_ENUM_CONVERSION = YES;
				CLANG_WARN_INFINITE_RECURSION = YES;
				CLANG_WARN_INT_CONVERSION = YES;
				CLANG_WARN_OBJC_ROOT_CLASS = YES_ERROR;
				CLANG_WARN_SUSPICIOUS_MOVE = YES;
				CLANG_WARN_UNREACHABLE_CODE = YES;
				CLANG_WARN__DUPLICATE_METHOD_MATCH = YES;
				"CODE_SIGN_IDENTITY[sdk=iphoneos*]" = "iPhone Developer";
				COPY_PHASE_STRIP = NO;
				DEBUG_INFORMATION_FORMAT = dwarf;
				ENABLE_STRICT_OBJC_MSGSEND = YES;
				ENABLE_TESTABILITY = YES;
				GCC_C_LANGUAGE_STANDARD = gnu99;
				GCC_DYNAMIC_NO_PIC = NO;
				GCC_NO_COMMON_BLOCKS = YES;
				GCC_OPTIMIZATION_LEVEL = 0;
				GCC_PREPROCESSOR_DEFINITIONS = (
					"DEBUG=1",
					"$(inherited)",
				);
				GCC_WARN_64_TO_32_BIT_CONVERSION = YES;
				GCC_WARN_ABOUT_RETURN_TYPE = YES_ERROR;
				GCC_WARN_UNDECLARED_SELECTOR = YES;
				GCC_WARN_UNINITIALIZED_AUTOS = YES_AGGRESSIVE;
				GCC_WARN_UNUSED_FUNCTION = YES;
				GCC_WARN_UNUSED_VARIABLE = YES;
				IPHONEOS_DEPLOYMENT_TARGET = 10.3;
				MTL_ENABLE_DEBUG_INFO = YES;
				ONLY_ACTIVE_ARCH = YES;
				SDKROOT = iphoneos;
				TARGETED_DEVICE_FAMILY = "1,2";
			};
			name = Debug;
		};
		CD4F9A0A2413027F005F6A76 /* Release */ = {
			isa = XCBuildConfiguration;
			buildSettings = {
				ALWAYS_SEARCH_USER_PATHS = NO;
				CLANG_ANALYZER_NONNULL = YES;
				CLANG_ANALYZER_NUMBER_OBJECT_CONVERSION = YES_AGGRESSIVE;
				CLANG_CXX_LANGUAGE_STANDARD = "gnu++0x";
				CLANG_CXX_LIBRARY = "libc++";
				CLANG_ENABLE_MODULES = YES;
				CLANG_ENABLE_OBJC_ARC = YES;
				CLANG_WARN_BOOL_CONVERSION = YES;
				CLANG_WARN_CONSTANT_CONVERSION = YES;
				CLANG_WARN_DIRECT_OBJC_ISA_USAGE = YES_ERROR;
				CLANG_WARN_DOCUMENTATION_COMMENTS = YES;
				CLANG_WARN_EMPTY_BODY = YES;
				CLANG_WARN_ENUM_CONVERSION = YES;
				CLANG_WARN_INFINITE_RECURSION = YES;
				CLANG_WARN_INT_CONVERSION = YES;
				CLANG_WARN_OBJC_ROOT_CLASS = YES_ERROR;
				CLANG_WARN_SUSPICIOUS_MOVE = YES;
				CLANG_WARN_UNREACHABLE_CODE = YES;
				CLANG_WARN__DUPLICATE_METHOD_MATCH = YES;
				"CODE_SIGN_IDENTITY[sdk=iphoneos*]" = "iPhone Developer";
				COPY_PHASE_STRIP = NO;
				DEBUG_INFORMATION_FORMAT = "dwarf-with-dsym";
				ENABLE_NS_ASSERTIONS = NO;
				ENABLE_STRICT_OBJC_MSGSEND = YES;
				GCC_C_LANGUAGE_STANDARD = gnu99;
				GCC_NO_COMMON_BLOCKS = YES;
				GCC_WARN_64_TO_32_BIT_CONVERSION = YES;
				GCC_WARN_ABOUT_RETURN_TYPE = YES_ERROR;
				GCC_WARN_UNDECLARED_SELECTOR = YES;
				GCC_WARN_UNINITIALIZED_AUTOS = YES_AGGRESSIVE;
				GCC_WARN_UNUSED_FUNCTION = YES;
				GCC_WARN_UNUSED_VARIABLE = YES;
				IPHONEOS_DEPLOYMENT_TARGET = 10.3;
				MTL_ENABLE_DEBUG_INFO = NO;
				SDKROOT = iphoneos;
				TARGETED_DEVICE_FAMILY = "1,2";
				VALIDATE_PRODUCT = YES;
			};
			name = Release;
		};
		CD4F9A0C2413027F005F6A76 /* Debug */ = {
			isa = XCBuildConfiguration;
			buildSettings = {
				ASSETCATALOG_COMPILER_APPICON_NAME = AppIcon;
				DEVELOPMENT_TEAM = FGXF84AKTW;
				INFOPLIST_FILE = LearnIOS/Info.plist;
				LD_RUNPATH_SEARCH_PATHS = "$(inherited) @executable_path/Frameworks";
				PRODUCT_BUNDLE_IDENTIFIER = com.linson.ios.LearnIOS;
				PRODUCT_NAME = "$(TARGET_NAME)";
			};
			name = Debug;
		};
		CD4F9A0D2413027F005F6A76 /* Release */ = {
			isa = XCBuildConfiguration;
			buildSettings = {
				ASSETCATALOG_COMPILER_APPICON_NAME = AppIcon;
				DEVELOPMENT_TEAM = FGXF84AKTW;
				INFOPLIST_FILE = LearnIOS/Info.plist;
				LD_RUNPATH_SEARCH_PATHS = "$(inherited) @executable_path/Frameworks";
				PRODUCT_BUNDLE_IDENTIFIER = com.linson.ios.LearnIOS;
				PRODUCT_NAME = "$(TARGET_NAME)";
			};
			name = Release;
		};
		CD4F9A0F2413027F005F6A76 /* Debug */ = {
			isa = XCBuildConfiguration;
			buildSettings = {
				DEVELOPMENT_TEAM = FGXF84AKTW;
				INFOPLIST_FILE = LearnIOSUITests/Info.plist;
				LD_RUNPATH_SEARCH_PATHS = "$(inherited) @executable_path/Frameworks @loader_path/Frameworks";
				PRODUCT_BUNDLE_IDENTIFIER = com.linson.ios.LearnIOSUITests;
				PRODUCT_NAME = "$(TARGET_NAME)";
				TEST_TARGET_NAME = LearnIOS;
			};
			name = Debug;
		};
		CD4F9A102413027F005F6A76 /* Release */ = {
			isa = XCBuildConfiguration;
			buildSettings = {
				DEVELOPMENT_TEAM = FGXF84AKTW;
				INFOPLIST_FILE = LearnIOSUITests/Info.plist;
				LD_RUNPATH_SEARCH_PATHS = "$(inherited) @executable_path/Frameworks @loader_path/Frameworks";
				PRODUCT_BUNDLE_IDENTIFIER = com.linson.ios.LearnIOSUITests;
				PRODUCT_NAME = "$(TARGET_NAME)";
				TEST_TARGET_NAME = LearnIOS;
			};
			name = Release;
		};
/* End XCBuildConfiguration section */

/* Begin XCConfigurationList section */
		CD4F99E42413027F005F6A76 /* Build configuration list for PBXProject "LearnIOS" */ = {
			isa = XCConfigurationList;
			buildConfigurations = (
				CD4F9A092413027F005F6A76 /* Debug */,
				CD4F9A0A2413027F005F6A76 /* Release */,
			);
			defaultConfigurationIsVisible = 0;
			defaultConfigurationName = Release;
		};
		CD4F9A0B2413027F005F6A76 /* Build configuration list for PBXNativeTarget "LearnIOS" */ = {
			isa = XCConfigurationList;
			buildConfigurations = (
				CD4F9A0C2413027F005F6A76 /* Debug */,
				CD4F9A0D2413027F005F6A76 /* Release */,
			);
			defaultConfigurationIsVisible = 0;
		};
		CD4F9A0E2413027F005F6A76 /* Build configuration list for PBXNativeTarget "LearnIOSUITests" */ = {
			isa = XCConfigurationList;
			buildConfigurations = (
				CD4F9A0F2413027F005F6A76 /* Debug */,
				CD4F9A102413027F005F6A76 /* Release */,
			);
			defaultConfigurationIsVisible = 0;
		};
/* End XCConfigurationList section */
	};
	rootObject = CD4F99E12413027F005F6A76 /* Project object */;
}
